
Microsoft Visual Studio Solution File, Format Version 12.00
# Visual Studio Version 17
VisualStudioVersion = 17.11.35327.3
MinimumVisualStudioVersion = 10.0.40219.1
Project("{9A19103F-16F7-4668-BE54-9A1E7A4F7556}") = "ConcentraClaroTestApi", "Concentra.Claro.Test.Api\ConcentraClaroTestApi.csproj", "{E41CA2DB-4F72-4C30-9C27-82220F171398}"
EndProject
Project("{9A19103F-16F7-4668-BE54-9A1E7A4F7556}") = "UnitTestUtility", "UnitTestUtility\UnitTestUtility.csproj", "{C0D2D3A5-6970-46A0-AE32-B6A1AB609CEB}"
EndProject
Project("{2150E333-8FDC-42A3-9474-1A3956D46DE8}") = "client-app", "client-app", "{B10688B0-F444-44CB-B65F-29EC72975126}"
	ProjectSection(SolutionItems) = preProject
		client-app\.gitignore = client-app\.gitignore
		client-app\package-lock.json = client-app\package-lock.json
		client-app\package.json = client-app\package.json
		client-app\README.md = client-app\README.md
	EndProjectSection
EndProject
Global
	GlobalSection(SolutionConfigurationPlatforms) = preSolution
		Debug|Any CPU = Debug|Any CPU
		Release|Any CPU = Release|Any CPU
	EndGlobalSection
	GlobalSection(ProjectConfigurationPlatforms) = postSolution
		{E41CA2DB-4F72-4C30-9C27-82220F171398}.Debug|Any CPU.ActiveCfg = Debug|Any CPU
		{E41CA2DB-4F72-4C30-9C27-82220F171398}.Debug|Any CPU.Build.0 = Debug|Any CPU
		{E41CA2DB-4F72-4C30-9C27-82220F171398}.Release|Any CPU.ActiveCfg = Release|Any CPU
		{E41CA2DB-4F72-4C30-9C27-82220F171398}.Release|Any CPU.Build.0 = Release|Any CPU
		{C0D2D3A5-6970-46A0-AE32-B6A1AB609CEB}.Debug|Any CPU.ActiveCfg = Debug|Any CPU
		{C0D2D3A5-6970-46A0-AE32-B6A1AB609CEB}.Debug|Any CPU.Build.0 = Debug|Any CPU
		{C0D2D3A5-6970-46A0-AE32-B6A1AB609CEB}.Release|Any CPU.ActiveCfg = Release|Any CPU
		{C0D2D3A5-6970-46A0-AE32-B6A1AB609CEB}.Release|Any CPU.Build.0 = Release|Any CPU
	EndGlobalSection
	GlobalSection(SolutionProperties) = preSolution
		HideSolutionNode = FALSE
	EndGlobalSection
	GlobalSection(ExtensibilityGlobals) = postSolution
		SolutionGuid = {8F844C95-9C68-430A-B800-0289DE0907E2}
	EndGlobalSection
EndGlobal
